{
  "pins" : [
    {
      "identity" : "swiftdose",
      "kind" : "remoteSourceControl",
      "location" : "https://github.com/klein-artur/SwiftDose",
      "state" : {
        "revision" : "02ba6077177548c9c1f897cd01fb0ecee833fef6",
        "version" : "1.0.3"
      }
    },
    {
      "identity" : "swiftgpt",
      "kind" : "remoteSourceControl",
      "location" : "https://github.com/klein-artur/SwiftGPT",
      "state" : {
        "revision" : "cee5bd313b19e336eb3fc43792404503e60855e9",
        "version" : "1.1.2"
      }
    }
  ],
  "version" : 2
}
